// This lockfile was autogenerated by Pants. To regenerate, run:
//
//    pants generate-lockfiles --resolve=base
//
// --- BEGIN PANTS LOCKFILE METADATA: DO NOT EDIT OR REMOVE ---
// {
//   "version": 3,
//   "valid_for_interpreter_constraints": [
//     "CPython<3.10,>=3.9.*"
//   ],
//   "generated_with_requirements": [
//     "tensorboard>=2.8",
//     "torch!=1.12.0+cpu,!=1.12.0+cu116,==1.12.0"
//   ],
//   "manylinux": "manylinux2014",
//   "requirement_constraints": [],
//   "only_binary": [],
//   "no_binary": []
// }
// --- END PANTS LOCKFILE METADATA ---

{
  "allow_builds": true,
  "allow_prereleases": false,
  "allow_wheels": true,
  "build_isolation": true,
  "constraints": [],
  "locked_resolves": [
    {
      "locked_requirements": [
        {
          "artifacts": [
            {
              "algorithm": "sha256",
              "hash": "0d3fe606adfa4f7db64792dd4c7aee4ee0c38ab75dfd353b7a83ed3e957fcb47",
              "url": "https://files.pythonhosted.org/packages/dd/87/de5c32fa1b1c6c3305d576e299801d8655c175ca9557019906247b994331/absl_py-1.4.0-py3-none-any.whl"
            },
            {
              "algorithm": "sha256",
              "hash": "d2c244d01048ba476e7c080bd2c6df5e141d211de80223460d5b3b8a2a58433d",
              "url": "https://files.pythonhosted.org/packages/79/c9/45ecff8055b0ce2ad2bfbf1f438b5b8605873704d50610eda05771b865a0/absl-py-1.4.0.tar.gz"
            }
          ],
          "project_name": "absl-py",
          "requires_dists": [],
          "requires_python": ">=3.6",
          "version": "1.4.0"
        },
        {
          "artifacts": [
            {
              "algorithm": "sha256",
              "hash": "95ef631eeaea14ba2e36f06437f36463aac3a096799e876ee55e5cdccb102590",
              "url": "https://files.pythonhosted.org/packages/a9/c9/c8a7710f2cedcb1db9224fdd4d8307c9e48cbddc46c18b515fefc0f1abbe/cachetools-5.3.1-py3-none-any.whl"
            },
            {
              "algorithm": "sha256",
              "hash": "dce83f2d9b4e1f732a8cd44af8e8fab2dbe46201467fc98b3ef8f269092bf62b",
              "url": "https://files.pythonhosted.org/packages/9d/8b/8e2ebf5ee26c21504de5ea2fb29cc6ae612b35fd05f959cdb641feb94ec4/cachetools-5.3.1.tar.gz"
            }
          ],
          "project_name": "cachetools",
          "requires_dists": [],
          "requires_python": ">=3.7",
          "version": "5.3.1"
        },
        {
          "artifacts": [
            {
              "algorithm": "sha256",
              "hash": "92d6037539857d8206b8f6ae472e8b77db8058fec5937a1ef3f54304089edbb9",
              "url": "https://files.pythonhosted.org/packages/4c/dd/2234eab22353ffc7d94e8d13177aaa050113286e93e7b40eae01fbf7c3d9/certifi-2023.7.22-py3-none-any.whl"
            },
            {
              "algorithm": "sha256",
              "hash": "539cc1d13202e33ca466e88b2807e29f4c13049d6d87031a3c110744495cb082",
              "url": "https://files.pythonhosted.org/packages/98/98/c2ff18671db109c9f10ed27f5ef610ae05b73bd876664139cf95bd1429aa/certifi-2023.7.22.tar.gz"
            }
          ],
          "project_name": "certifi",
          "requires_dists": [],
          "requires_python": ">=3.6",
          "version": "2023.7.22"
        },
        {
          "artifacts": [
            {
              "algorithm": "sha256",
              "hash": "8e098148dd37b4ce3baca71fb394c81dc5d9c7728c95df695d2dca218edf40e6",
              "url": "https://files.pythonhosted.org/packages/bf/a0/188f223c7d8b924fb9b554b9d27e0e7506fd5bf9cfb6dbacb2dfd5832b53/charset_normalizer-3.2.0-py3-none-any.whl"
            },
            {
              "algorithm": "sha256",
              "hash": "855eafa5d5a2034b4621c74925d89c5efef61418570e5ef9b37717d9c796419c",
              "url": "https://files.pythonhosted.org/packages/09/79/1b7af063e7c57a51aab7f2aaccd79bb8a694dfae668e8aa79b0b045b17bc/charset_normalizer-3.2.0-cp39-cp39-macosx_10_9_universal2.whl"
            },
            {
              "algorithm": "sha256",
              "hash": "c8063cf17b19661471ecbdb3df1c84f24ad2e389e326ccaf89e3fb2484d8dd7e",
              "url": "https://files.pythonhosted.org/packages/1b/2c/7376d101efdec15e61e9861890cf107c6ce3cceba89eb87cc416ee0528cd/charset_normalizer-3.2.0-cp39-cp39-musllinux_1_1_ppc64le.whl"
            },
            {
              "algorithm": "sha256",
              "hash": "1920d4ff15ce893210c1f0c0e9d19bfbecb7983c76b33f046c13a8ffbd570252",
              "url": "https://files.pythonhosted.org/packages/23/59/8011a01cd8b904d08d86b4a49f407e713d20ee34155300dc698892a29f8b/charset_normalizer-3.2.0-cp39-cp39-manylinux_2_5_i686.manylinux1_i686.manylinux_2_17_i686.manylinux2014_i686.whl"
            },
            {
              "algorithm": "sha256",
              "hash": "3bb3d25a8e6c0aedd251753a79ae98a093c7e7b471faa3aa9a93a81431987ace",
              "url": "https://files.pythonhosted.org/packages/2a/53/cf0a48de1bdcf6ff6e1c9a023f5f523dfe303e4024f216feac64b6eb7f67/charset-normalizer-3.2.0.tar.gz"
            },
            {
              "algorithm": "sha256",
              "hash": "5e86d77b090dbddbe78867a0275cb4df08ea195e660f1f7f13435a4649e954e5",
              "url": "https://files.pythonhosted.org/packages/47/03/2cde6c5fba0115e8726272aabfca33b9d84d377cc11c4bab092fa9617d7a/charset_normalizer-3.2.0-cp39-cp39-manylinux_2_17_aarch64.manylinux2014_aarch64.whl"
            },
            {
              "algorithm": "sha256",
              "hash": "c4fb39a81950ec280984b3a44f5bd12819953dc5fa3a7e6fa7a80db5ee853952",
              "url": "https://files.pythonhosted.org/packages/4a/46/a22af93e707f0d3c3865a2c21b4363c778239f5a6405aadd220992ac3058/charset_normalizer-3.2.0-cp39-cp39-manylinux_2_17_ppc64le.manylinux2014_ppc64le.whl"
            },
            {
              "algorithm": "sha256",
              "hash": "203f0c8871d5a7987be20c72442488a0b8cfd0f43b7973771640fc593f56321f",
              "url": "https://files.pythonhosted.org/packages/7b/c6/7f75892d87d7afcf8ed909f3e74de1bc61abd9d77cd9aab1f449430856c5/charset_normalizer-3.2.0-cp39-cp39-macosx_10_9_x86_64.whl"
            },
            {
              "algorithm": "sha256",
              "hash": "2dee8e57f052ef5353cf608e0b4c871aee320dd1b87d351c28764fc0ca55f9f4",
              "url": "https://files.pythonhosted.org/packages/80/75/eadff07a61d5602b6b19859d464bc0983654ae79114ef8aa15797b02271c/charset_normalizer-3.2.0-cp39-cp39-manylinux_2_17_s390x.manylinux2014_s390x.whl"
            },
            {
              "algorithm": "sha256",
              "hash": "c1c76a1743432b4b60ab3358c937a3fe1341c828ae6194108a94c69028247f22",
              "url": "https://files.pythonhosted.org/packages/85/52/77ab28e0eb07f12a02732c55abfc3be481bd46c91d5ade76a8904dfb59a4/charset_normalizer-3.2.0-cp39-cp39-musllinux_1_1_aarch64.whl"
            },
            {
              "algorithm": "sha256",
              "hash": "cd6dbe0238f7743d0efe563ab46294f54f9bc8f4b9bcf57c3c666cc5bc9d1299",
              "url": "https://files.pythonhosted.org/packages/95/d3/ed29b2d14ec9044a223dcf7c439fa550ef9c6d06c9372cd332374d990559/charset_normalizer-3.2.0-cp39-cp39-musllinux_1_1_s390x.whl"
            },
            {
              "algorithm": "sha256",
              "hash": "e857a2232ba53ae940d3456f7533ce6ca98b81917d47adc3c7fd55dad8fab858",
              "url": "https://files.pythonhosted.org/packages/d3/d8/50a33f82bdf25e71222a55cef146310e3e9fe7d5790be5281d715c012eae/charset_normalizer-3.2.0-cp39-cp39-macosx_11_0_arm64.whl"
            },
            {
              "algorithm": "sha256",
              "hash": "f7560358a6811e52e9c4d142d497f1a6e10103d3a6881f18d04dbce3729c0e2c",
              "url": "https://files.pythonhosted.org/packages/ed/21/03b4a3533b7a845ee31ed4542ca06debdcf7f12c099ae3dd6773c275b0df/charset_normalizer-3.2.0-cp39-cp39-musllinux_1_1_i686.whl"
            },
            {
              "algorithm": "sha256",
              "hash": "1249cbbf3d3b04902ff081ffbb33ce3377fa6e4c7356f759f3cd076cc138d020",
              "url": "https://files.pythonhosted.org/packages/f2/e8/d9651a0afd4ee792207b24bd1d438ed750f1c0f29df62bd73d24ded428f9/charset_normalizer-3.2.0-cp39-cp39-musllinux_1_1_x86_64.whl"
            },
            {
              "algorithm": "sha256",
              "hash": "8700f06d0ce6f128de3ccdbc1acaea1ee264d2caa9ca05daaf492fde7c2a7200",
              "url": "https://files.pythonhosted.org/packages/f9/0d/514be8597d7a96243e5467a37d337b9399cec117a513fcf9328405d911c0/charset_normalizer-3.2.0-cp39-cp39-manylinux_2_17_x86_64.manylinux2014_x86_64.whl"
            }
          ],
          "project_name": "charset-normalizer",
          "requires_dists": [],
          "requires_python": ">=3.7.0",
          "version": "3.2.0"
        },
        {
          "artifacts": [
            {
              "algorithm": "sha256",
              "hash": "d61d1b40897407b574da67da1a833bdc10d5a11642566e506565d1b1a46ba873",
              "url": "https://files.pythonhosted.org/packages/9c/8d/bff87fc722553a5691d8514da5523c23547f3894189ba03b57592e37bdc2/google_auth-2.22.0-py2.py3-none-any.whl"
            },
            {
              "algorithm": "sha256",
              "hash": "164cba9af4e6e4e40c3a4f90a1a6c12ee56f14c0b4868d1ca91b32826ab334ce",
              "url": "https://files.pythonhosted.org/packages/a4/3a/b6ab1073d2ac98c1b4f9036a4d37d5720f783bd4dc6e2c0ae516d3b13326/google-auth-2.22.0.tar.gz"
            }
          ],
          "project_name": "google-auth",
          "requires_dists": [
            "aiohttp<4.0.0.dev0,>=3.6.2; extra == \"aiohttp\"",
            "cachetools<6.0,>=2.0.0",
            "cryptography==36.0.2; extra == \"enterprise_cert\"",
            "cryptography>=38.0.3; extra == \"pyopenssl\"",
            "pyasn1-modules>=0.2.1",
            "pyopenssl==22.0.0; extra == \"enterprise_cert\"",
            "pyopenssl>=20.0.0; extra == \"pyopenssl\"",
            "pyu2f>=0.1.5; extra == \"reauth\"",
            "requests<3.0.0.dev0,>=2.20.0; extra == \"aiohttp\"",
            "requests<3.0.0.dev0,>=2.20.0; extra == \"requests\"",
            "rsa<5,>=3.1.4",
            "six>=1.9.0",
            "urllib3<2.0"
          ],
          "requires_python": ">=3.6",
          "version": "2.22.0"
        },
        {
          "artifacts": [
            {
              "algorithm": "sha256",
              "hash": "95880ca704928c300f48194d1770cf5b1462835b6e49db61445a520f793fd5fb",
              "url": "https://files.pythonhosted.org/packages/4a/07/8d9a8186e6768b55dfffeb57c719bc03770cf8a970a074616ae6f9e26a57/google_auth_oauthlib-1.0.0-py2.py3-none-any.whl"
            },
            {
              "algorithm": "sha256",
              "hash": "e375064964820b47221a7e1b7ee1fd77051b6323c3f9e3e19785f78ab67ecfc5",
              "url": "https://files.pythonhosted.org/packages/e3/b4/ef2170c5f6aa5bc2461bab959a84e56d2819ce26662b50038d2d0602223e/google-auth-oauthlib-1.0.0.tar.gz"
            }
          ],
          "project_name": "google-auth-oauthlib",
          "requires_dists": [
            "click>=6.0.0; extra == \"tool\"",
            "google-auth>=2.15.0",
            "requests-oauthlib>=0.7.0"
          ],
          "requires_python": ">=3.6",
          "version": "1.0.0"
        },
        {
          "artifacts": [
            {
              "algorithm": "sha256",
              "hash": "7a635589201b18510ff988161b7b573f50c6a48fae9cb567657920ca82022b37",
              "url": "https://files.pythonhosted.org/packages/27/c0/af3c39756399c519f27fc184a61271405ee9c50d143ba84a5f17284adced/grpcio-1.57.0-cp39-cp39-musllinux_1_1_x86_64.whl"
            },
            {
              "algorithm": "sha256",
              "hash": "b670c2faa92124b7397b42303e4d8eb64a4cd0b7a77e35a9e865a55d61c57ef9",
              "url": "https://files.pythonhosted.org/packages/04/1a/3efc9de6f0fc1dbe2018b283a7500041944bed3762be4621af4f74c07844/grpcio-1.57.0-cp39-cp39-musllinux_1_1_i686.whl"
            },
            {
              "algorithm": "sha256",
              "hash": "4b089f7ad1eb00a104078bab8015b0ed0ebcb3b589e527ab009c53893fd4e613",
              "url": "https://files.pythonhosted.org/packages/18/b5/3ebe1bd133f472640e2d8941d2208b8de63706ebc08b09e1bb988d7f0071/grpcio-1.57.0.tar.gz"
            },
            {
              "algorithm": "sha256",
              "hash": "b53333627283e7241fcc217323f225c37783b5f0472316edcaa4479a213abfa6",
              "url": "https://files.pythonhosted.org/packages/65/a3/97704b6daa6042d1cf985f499695656ee1a2508f95921e6ba1aab63c902c/grpcio-1.57.0-cp39-cp39-macosx_10_10_universal2.whl"
            },
            {
              "algorithm": "sha256",
              "hash": "5613a2fecc82f95d6c51d15b9a72705553aa0d7c932fad7aed7afb51dc982ee5",
              "url": "https://files.pythonhosted.org/packages/69/67/46ce6471c94af40118d728caa7e840fd55c70878dcfdad9837003e5863b6/grpcio-1.57.0-cp39-cp39-manylinux_2_17_x86_64.manylinux2014_x86_64.whl"
            },
            {
              "algorithm": "sha256",
              "hash": "f19ac6ac0a256cf77d3cc926ef0b4e64a9725cc612f97228cd5dc4bd9dbab03b",
              "url": "https://files.pythonhosted.org/packages/90/4a/e55ce1c4f04f8edf0f47e5ff2dc203cd08a7afbd05ef86e54c4cf71c1402/grpcio-1.57.0-cp39-cp39-manylinux_2_17_aarch64.whl"
            },
            {
              "algorithm": "sha256",
              "hash": "fee387d2fab144e8a34e0e9c5ca0f45c9376b99de45628265cfa9886b1dbe62b",
              "url": "https://files.pythonhosted.org/packages/bd/bf/f49c26d79da8eaab1ff12f597ddb956902a247825e1ca31dcb045cad5090/grpcio-1.57.0-cp39-cp39-linux_armv7l.whl"
            },
            {
              "algorithm": "sha256",
              "hash": "e3fdf04e402f12e1de8074458549337febb3b45f21076cc02ef4ff786aff687e",
              "url": "https://files.pythonhosted.org/packages/e2/35/abd6d898675ae39536a090338f7f4fa3d2c7aa759366ae08c4a7dd49242e/grpcio-1.57.0-cp39-cp39-manylinux_2_17_i686.manylinux2014_i686.whl"
            }
          ],
          "project_name": "grpcio",
          "requires_dists": [
            "grpcio-tools>=1.57.0; extra == \"protobuf\""
          ],
          "requires_python": ">=3.7",
          "version": "1.57.0"
        },
        {
          "artifacts": [
            {
              "algorithm": "sha256",
              "hash": "90b77e79eaa3eba6de819a0c442c0b4ceefc341a7a2ab77d7562bf49f425c5c2",
              "url": "https://files.pythonhosted.org/packages/fc/34/3030de6f1370931b9dbb4dad48f6ab1015ab1d32447850b9fc94e60097be/idna-3.4-py3-none-any.whl"
            },
            {
              "algorithm": "sha256",
              "hash": "814f528e8dead7d329833b91c5faa87d60bf71824cd12a7530b5526063d02cb4",
              "url": "https://files.pythonhosted.org/packages/8b/e1/43beb3d38dba6cb420cefa297822eac205a277ab43e5ba5d5c46faf96438/idna-3.4.tar.gz"
            }
          ],
          "project_name": "idna",
          "requires_dists": [],
          "requires_python": ">=3.5",
          "version": "3.4"
        },
        {
          "artifacts": [
            {
              "algorithm": "sha256",
              "hash": "3ebb78df84a805d7698245025b975d9d67053cd94c79245ba4b3eb694abe68bb",
              "url": "https://files.pythonhosted.org/packages/cc/37/db7ba97e676af155f5fcb1a35466f446eadc9104e25b83366e8088c9c926/importlib_metadata-6.8.0-py3-none-any.whl"
            },
            {
              "algorithm": "sha256",
              "hash": "dbace7892d8c0c4ac1ad096662232f831d4e64f4c4545bd53016a3e9d4654743",
              "url": "https://files.pythonhosted.org/packages/33/44/ae06b446b8d8263d712a211e959212083a5eda2bf36d57ca7415e03f6f36/importlib_metadata-6.8.0.tar.gz"
            }
          ],
          "project_name": "importlib-metadata",
          "requires_dists": [
            "flufl.flake8; extra == \"testing\"",
            "furo; extra == \"docs\"",
            "importlib-resources>=1.3; python_version < \"3.9\" and extra == \"testing\"",
            "ipython; extra == \"perf\"",
            "jaraco.packaging>=9; extra == \"docs\"",
            "jaraco.tidelift>=1.4; extra == \"docs\"",
            "packaging; extra == \"testing\"",
            "pyfakefs; extra == \"testing\"",
            "pytest-black>=0.3.7; platform_python_implementation != \"PyPy\" and extra == \"testing\"",
            "pytest-checkdocs>=2.4; extra == \"testing\"",
            "pytest-cov; extra == \"testing\"",
            "pytest-enabler>=2.2; extra == \"testing\"",
            "pytest-mypy>=0.9.1; platform_python_implementation != \"PyPy\" and extra == \"testing\"",
            "pytest-perf>=0.9.2; extra == \"testing\"",
            "pytest-ruff; extra == \"testing\"",
            "pytest>=6; extra == \"testing\"",
            "rst.linker>=1.9; extra == \"docs\"",
            "sphinx-lint; extra == \"docs\"",
            "sphinx>=3.5; extra == \"docs\"",
            "typing-extensions>=3.6.4; python_version < \"3.8\"",
            "zipp>=0.5"
          ],
          "requires_python": ">=3.8",
          "version": "6.8.0"
        },
        {
          "artifacts": [
            {
              "algorithm": "sha256",
              "hash": "a4c1b65c0957b4bd9e7d86ddc7b3c9868fb9670660f6f99f6d1bca8954d5a941",
              "url": "https://files.pythonhosted.org/packages/1a/b5/228c1cdcfe138f1a8e01ab1b54284c8b83735476cb22b6ba251656ed13ad/Markdown-3.4.4-py3-none-any.whl"
            },
            {
              "algorithm": "sha256",
              "hash": "225c6123522495d4119a90b3a3ba31a1e87a70369e03f14799ea9c0d7183a3d6",
              "url": "https://files.pythonhosted.org/packages/87/2a/62841f4fb1fef5fa015ded48d02401cd95643ca03b6760b29437b62a04a4/Markdown-3.4.4.tar.gz"
            }
          ],
          "project_name": "markdown",
          "requires_dists": [
            "coverage; extra == \"testing\"",
            "importlib-metadata>=4.4; python_version < \"3.10\"",
            "mdx-gh-links>=0.2; extra == \"docs\"",
            "mkdocs-nature>=0.4; extra == \"docs\"",
            "mkdocs>=1.0; extra == \"docs\"",
            "pyyaml; extra == \"testing\""
          ],
          "requires_python": ">=3.7",
          "version": "3.4.4"
        },
        {
          "artifacts": [
            {
              "algorithm": "sha256",
              "hash": "0a4e4a1aff6c7ac4cd55792abf96c915634c2b97e3cc1c7129578aa68ebd754e",
              "url": "https://files.pythonhosted.org/packages/ab/20/f59423543a8422cb8c69a579ebd0ef2c9dafa70cc8142b7372b5b4073caa/MarkupSafe-2.1.3-cp39-cp39-musllinux_1_1_x86_64.whl"
            },
            {
              "algorithm": "sha256",
              "hash": "ab4a0df41e7c16a1392727727e7998a467472d0ad65f3ad5e6e765015df08636",
              "url": "https://files.pythonhosted.org/packages/03/65/3473d2cb84bb2cda08be95b97fc4f53e6bcd701a2d50ba7b7c905e1e9273/MarkupSafe-2.1.3-cp39-cp39-musllinux_1_1_aarch64.whl"
            },
            {
              "algorithm": "sha256",
              "hash": "7ef3cb2ebbf91e330e3bb937efada0edd9003683db6b57bb108c4001f37a02ea",
              "url": "https://files.pythonhosted.org/packages/22/81/b5659e2b6ae1516495a22f87370419c1d79c8d853315e6cbe5172fc01a06/MarkupSafe-2.1.3-cp39-cp39-musllinux_1_1_i686.whl"
            },
            {
              "algorithm": "sha256",
              "hash": "282c2cb35b5b673bbcadb33a585408104df04f14b2d9b01d4c345a3b92861c2c",
              "url": "https://files.pythonhosted.org/packages/43/ad/7246ae594aac948b17408c0ff0f9ff0bc470bdbe9c672a754310db64b237/MarkupSafe-2.1.3-cp39-cp39-manylinux_2_5_i686.manylinux1_i686.manylinux_2_17_i686.manylinux2014_i686.whl"
            },
            {
              "algorithm": "sha256",
              "hash": "6b2b56950d93e41f33b4223ead100ea0fe11f8e6ee5f641eb753ce4b77a7042b",
              "url": "https://files.pythonhosted.org/packages/62/9b/4908a57acf39d8811836bc6776b309c2e07d63791485589acf0b6d7bc0c6/MarkupSafe-2.1.3-cp39-cp39-macosx_10_9_x86_64.whl"
            },
            {
              "algorithm": "sha256",
              "hash": "9dcdfd0eaf283af041973bff14a2e143b8bd64e069f4c383416ecd79a81aab58",
              "url": "https://files.pythonhosted.org/packages/68/8d/c33c43c499c19f4b51181e196c9a497010908fc22c5de33551e298aa6a21/MarkupSafe-2.1.3-cp39-cp39-manylinux_2_17_aarch64.manylinux2014_aarch64.whl"
            },
            {
              "algorithm": "sha256",
              "hash": "8023faf4e01efadfa183e863fefde0046de576c6f14659e8782065bcece22198",
              "url": "https://files.pythonhosted.org/packages/6a/86/654dc431513cd4417dfcead8102f22bece2d6abf2f584f0e1cc1524f7b94/MarkupSafe-2.1.3-cp39-cp39-macosx_10_9_universal2.whl"
            },
            {
              "algorithm": "sha256",
              "hash": "af598ed32d6ae86f1b747b82783958b1a4ab8f617b06fe68795c7f026abbdcad",
              "url": "https://files.pythonhosted.org/packages/6d/7c/59a3248f411813f8ccba92a55feaac4bf360d29e2ff05ee7d8e1ef2d7dbf/MarkupSafe-2.1.3.tar.gz"
            },
            {
              "algorithm": "sha256",
              "hash": "05fb21170423db021895e1ea1e1f3ab3adb85d1c2333cbc2310f2a26bc77272e",
              "url": "https://files.pythonhosted.org/packages/de/63/cb7e71984e9159ec5f45b5e81e896c8bdd0e45fe3fc6ce02ab497f0d790e/MarkupSafe-2.1.3-cp39-cp39-manylinux_2_17_x86_64.manylinux2014_x86_64.whl"
            }
          ],
          "project_name": "markupsafe",
          "requires_dists": [],
          "requires_python": ">=3.7",
          "version": "2.1.3"
        },
        {
          "artifacts": [
            {
              "algorithm": "sha256",
              "hash": "4c3abc71e8b6edba80a01a52e66d83c5d14433cbcd26a40c329ec7ed09f37901",
              "url": "https://files.pythonhosted.org/packages/2c/53/9a023f6960ea6c8f66eafae774ba7ab1700fd987158df5aa9dbb28f98f8b/numpy-1.25.2-pp39-pypy39_pp73-manylinux_2_17_x86_64.manylinux2014_x86_64.whl"
            },
            {
              "algorithm": "sha256",
              "hash": "eb942bfb6f84df5ce05dbf4b46673ffed0d3da59f13635ea9b926af3deb76926",
              "url": "https://files.pythonhosted.org/packages/0f/a8/5057b97c395a710999b5697ffedd648caee82c24a29595952d26bd750155/numpy-1.25.2-cp39-cp39-macosx_11_0_arm64.whl"
            },
            {
              "algorithm": "sha256",
              "hash": "1a1329e26f46230bf77b02cc19e900db9b52f398d6722ca853349a782d4cff55",
              "url": "https://files.pythonhosted.org/packages/11/58/e921b73d1a181d49fc5a797f5151b7be78cbc5b4483f8f6042e295b85c01/numpy-1.25.2-pp39-pypy39_pp73-macosx_10_9_x86_64.whl"
            },
            {
              "algorithm": "sha256",
              "hash": "d7806500e4f5bdd04095e849265e55de20d8cc4b661b038957354327f6d9b295",
              "url": "https://files.pythonhosted.org/packages/69/1f/c95b1108a9972a52d7b1b63ed8ca70466b59b8c1811bd121f1e667cc45d8/numpy-1.25.2-cp39-cp39-manylinux_2_17_x86_64.manylinux2014_x86_64.whl"
            },
            {
              "algorithm": "sha256",
              "hash": "3e0746410e73384e70d286f93abf2520035250aad8c5714240b0492a7302fdca",
              "url": "https://files.pythonhosted.org/packages/6d/b6/94a587cd64ef090f844ab1d8c8f1af44d07be7387f5f1a40eb729a0ff9c9/numpy-1.25.2-cp39-cp39-manylinux_2_17_aarch64.manylinux2014_aarch64.whl"
            },
            {
              "algorithm": "sha256",
              "hash": "b79e513d7aac42ae918db3ad1341a015488530d0bb2a6abcbdd10a3a829ccfd3",
              "url": "https://files.pythonhosted.org/packages/8b/d9/22c304cd123e0a1b7d89213e50ed6ec4b22f07f1117d64d28f81c08be428/numpy-1.25.2-cp39-cp39-macosx_10_9_x86_64.whl"
            },
            {
              "algorithm": "sha256",
              "hash": "fd608e19c8d7c55021dffd43bfe5492fab8cc105cc8986f813f8c3c048b38760",
              "url": "https://files.pythonhosted.org/packages/a0/41/8f53eff8e969dd8576ddfb45e7ed315407d27c7518ae49418be8ed532b07/numpy-1.25.2.tar.gz"
            },
            {
              "algorithm": "sha256",
              "hash": "8b77775f4b7df768967a7c8b3567e309f617dd5e99aeb886fa14dc1a0791141f",
              "url": "https://files.pythonhosted.org/packages/d3/76/fe6b9e75883d1f2bd3cd27cbc7307ec99a0cc76fa941937c177f464fd60a/numpy-1.25.2-cp39-cp39-musllinux_1_1_x86_64.whl"
            }
          ],
          "project_name": "numpy",
          "requires_dists": [],
          "requires_python": ">=3.9",
          "version": "1.25.2"
        },
        {
          "artifacts": [
            {
              "algorithm": "sha256",
              "hash": "8139f29aac13e25d502680e9e19963e83f16838d48a0d71c287fe40e7067fbca",
              "url": "https://files.pythonhosted.org/packages/7e/80/cab10959dc1faead58dc8384a781dfbf93cb4d33d50988f7a69f1b7c9bbe/oauthlib-3.2.2-py3-none-any.whl"
            },
            {
              "algorithm": "sha256",
              "hash": "9859c40929662bec5d64f34d01c99e093149682a3f38915dc0655d5a633dd918",
              "url": "https://files.pythonhosted.org/packages/6d/fa/fbf4001037904031639e6bfbfc02badfc7e12f137a8afa254df6c4c8a670/oauthlib-3.2.2.tar.gz"
            }
          ],
          "project_name": "oauthlib",
          "requires_dists": [
            "blinker>=1.4.0; extra == \"signals\"",
            "cryptography>=3.0.0; extra == \"rsa\"",
            "cryptography>=3.0.0; extra == \"signedtoken\"",
            "pyjwt<3,>=2.0.0; extra == \"signedtoken\""
          ],
          "requires_python": ">=3.6",
          "version": "3.2.2"
        },
        {
          "artifacts": [
            {
              "algorithm": "sha256",
              "hash": "55dd644adc27d2a624339332755fe077c7f26971045b469ebb9732a69ce1f2ca",
              "url": "https://files.pythonhosted.org/packages/b0/4e/779db687e994f2f4964a911691ba818d5cc044ed509650a29d41f02dfce0/protobuf-4.24.1-py3-none-any.whl"
            },
            {
              "algorithm": "sha256",
              "hash": "fc361148e902949dcb953bbcb148c99fe8f8854291ad01107e4120361849fd0e",
              "url": "https://files.pythonhosted.org/packages/38/6d/870305acd89b1a6ed21a7df04e0f90b7198fd2f1a1b09c4e9e2c3a9f74a7/protobuf-4.24.1-cp37-abi3-manylinux2014_aarch64.whl"
            },
            {
              "algorithm": "sha256",
              "hash": "5d32363d14aca6e5c9e9d5918ad8fb65b091b6df66740ae9de50ac3916055e43",
              "url": "https://files.pythonhosted.org/packages/4c/87/59648989ad7f5ba6fe3c7f8abc555183f28559b6f6cd14ad17a3f0d3094f/protobuf-4.24.1-cp37-abi3-manylinux2014_x86_64.whl"
            },
            {
              "algorithm": "sha256",
              "hash": "970c701ee16788d74f3de20938520d7a0aebc7e4fff37096a48804c80d2908cf",
              "url": "https://files.pythonhosted.org/packages/98/d6/6e2f5047b9b66a57654368121dde2dc86b5ea5d7bb887e620587389dab5e/protobuf-4.24.1-cp37-abi3-macosx_10_9_universal2.whl"
            },
            {
              "algorithm": "sha256",
              "hash": "44837a5ed9c9418ad5d502f89f28ba102e9cd172b6668bc813f21716f9273348",
              "url": "https://files.pythonhosted.org/packages/c8/2d/075627c7c897e6f535261bd8fd3f633c77a2af1afe4013bfd503189c4c46/protobuf-4.24.1.tar.gz"
            }
          ],
          "project_name": "protobuf",
          "requires_dists": [],
          "requires_python": ">=3.7",
          "version": "4.24.1"
        },
        {
          "artifacts": [
            {
              "algorithm": "sha256",
              "hash": "87a2121042a1ac9358cabcaf1d07680ff97ee6404333bacca15f76aa8ad01a57",
              "url": "https://files.pythonhosted.org/packages/14/e5/b56a725cbde139aa960c26a1a3ca4d4af437282e20b5314ee6a3501e7dfc/pyasn1-0.5.0-py2.py3-none-any.whl"
            },
            {
              "algorithm": "sha256",
              "hash": "97b7290ca68e62a832558ec3976f15cbf911bf5d7c7039d8b861c2a0ece69fde",
              "url": "https://files.pythonhosted.org/packages/61/ef/945a8bcda7895717c8ba4688c08a11ef6454f32b8e5cb6e352a9004ee89d/pyasn1-0.5.0.tar.gz"
            }
          ],
          "project_name": "pyasn1",
          "requires_dists": [],
          "requires_python": "!=3.0.*,!=3.1.*,!=3.2.*,!=3.3.*,!=3.4.*,!=3.5.*,>=2.7",
          "version": "0.5.0"
        },
        {
          "artifacts": [
            {
              "algorithm": "sha256",
              "hash": "d3ccd6ed470d9ffbc716be08bd90efbd44d0734bc9303818f7336070984a162d",
              "url": "https://files.pythonhosted.org/packages/cd/8e/bea464350e1b8c6ed0da3a312659cb648804a08af6cacc6435867f74f8bd/pyasn1_modules-0.3.0-py2.py3-none-any.whl"
            },
            {
              "algorithm": "sha256",
              "hash": "5bd01446b736eb9d31512a30d46c1ac3395d676c6f3cafa4c03eb54b9925631c",
              "url": "https://files.pythonhosted.org/packages/3b/e4/7dec823b1b5603c5b3c51e942d5d9e65efd6ff946e713a325ed4146d070f/pyasn1_modules-0.3.0.tar.gz"
            }
          ],
          "project_name": "pyasn1-modules",
          "requires_dists": [
            "pyasn1<0.6.0,>=0.4.6"
          ],
          "requires_python": "!=3.0.*,!=3.1.*,!=3.2.*,!=3.3.*,!=3.4.*,!=3.5.*,>=2.7",
          "version": "0.3.0"
        },
        {
          "artifacts": [
            {
              "algorithm": "sha256",
              "hash": "58cd2187c01e70e6e26505bca751777aa9f2ee0b7f4300988b709f44e013003f",
              "url": "https://files.pythonhosted.org/packages/70/8e/0e2d847013cb52cd35b38c009bb167a1a26b2ce6cd6965bf26b47bc0bf44/requests-2.31.0-py3-none-any.whl"
            },
            {
              "algorithm": "sha256",
              "hash": "942c5a758f98d790eaed1a29cb6eefc7ffb0d1cf7af05c3d2791656dbd6ad1e1",
              "url": "https://files.pythonhosted.org/packages/9d/be/10918a2eac4ae9f02f6cfe6414b7a155ccd8f7f9d4380d62fd5b955065c3/requests-2.31.0.tar.gz"
            }
          ],
          "project_name": "requests",
          "requires_dists": [
            "PySocks!=1.5.7,>=1.5.6; extra == \"socks\"",
            "certifi>=2017.4.17",
            "chardet<6,>=3.0.2; extra == \"use_chardet_on_py3\"",
            "charset-normalizer<4,>=2",
            "idna<4,>=2.5",
            "urllib3<3,>=1.21.1"
          ],
          "requires_python": ">=3.7",
          "version": "2.31.0"
        },
        {
          "artifacts": [
            {
              "algorithm": "sha256",
              "hash": "2577c501a2fb8d05a304c09d090d6e47c306fef15809d102b327cf8364bddab5",
              "url": "https://files.pythonhosted.org/packages/6f/bb/5deac77a9af870143c684ab46a7934038a53eb4aa975bc0687ed6ca2c610/requests_oauthlib-1.3.1-py2.py3-none-any.whl"
            },
            {
              "algorithm": "sha256",
              "hash": "75beac4a47881eeb94d5ea5d6ad31ef88856affe2332b9aafb52c6452ccf0d7a",
              "url": "https://files.pythonhosted.org/packages/95/52/531ef197b426646f26b53815a7d2a67cb7a331ef098bb276db26a68ac49f/requests-oauthlib-1.3.1.tar.gz"
            }
          ],
          "project_name": "requests-oauthlib",
          "requires_dists": [
            "oauthlib>=3.0.0",
            "oauthlib[signedtoken]>=3.0.0; extra == \"rsa\"",
            "requests>=2.0.0"
          ],
          "requires_python": "!=3.0.*,!=3.1.*,!=3.2.*,!=3.3.*,>=2.7",
          "version": "1.3.1"
        },
        {
          "artifacts": [
            {
              "algorithm": "sha256",
              "hash": "90260d9058e514786967344d0ef75fa8727eed8a7d2e43ce9f4bcf1b536174f7",
              "url": "https://files.pythonhosted.org/packages/49/97/fa78e3d2f65c02c8e1268b9aba606569fe97f6c8f7c2d74394553347c145/rsa-4.9-py3-none-any.whl"
            },
            {
              "algorithm": "sha256",
              "hash": "e38464a49c6c85d7f1351b0126661487a7e0a14a50f1675ec50eb34d4f20ef21",
              "url": "https://files.pythonhosted.org/packages/aa/65/7d973b89c4d2351d7fb232c2e452547ddfa243e93131e7cfa766da627b52/rsa-4.9.tar.gz"
            }
          ],
          "project_name": "rsa",
          "requires_dists": [
            "pyasn1>=0.1.3"
          ],
          "requires_python": "<4,>=3.6",
          "version": "4.9"
        },
        {
          "artifacts": [
            {
              "algorithm": "sha256",
              "hash": "3d8083eed2d13afc9426f227b24fd1659489ec107c0e86cec2ffdde5c92e790b",
              "url": "https://files.pythonhosted.org/packages/4f/ab/0bcfebdfc3bfa8554b2b2c97a555569c4c1ebc74ea288741ea8326c51906/setuptools-68.1.2-py3-none-any.whl"
            },
            {
              "algorithm": "sha256",
              "hash": "3d4dfa6d95f1b101d695a6160a7626e15583af71a5f52176efa5d39a054d475d",
              "url": "https://files.pythonhosted.org/packages/19/20/d8dd9d8becaf3e2d6fdc17cc41870d5ada5ceda518996cf5968c2ca71bd8/setuptools-68.1.2.tar.gz"
            }
          ],
          "project_name": "setuptools",
          "requires_dists": [
            "build[virtualenv]; extra == \"testing\"",
            "build[virtualenv]; extra == \"testing-integration\"",
            "filelock>=3.4.0; extra == \"testing\"",
            "filelock>=3.4.0; extra == \"testing-integration\"",
            "flake8-2020; extra == \"testing\"",
            "furo; extra == \"docs\"",
            "ini2toml[lite]>=0.9; extra == \"testing\"",
            "jaraco.develop>=7.21; (python_version >= \"3.9\" and sys_platform != \"cygwin\") and extra == \"testing\"",
            "jaraco.envs>=2.2; extra == \"testing\"",
            "jaraco.envs>=2.2; extra == \"testing-integration\"",
            "jaraco.packaging>=9.3; extra == \"docs\"",
            "jaraco.path>=3.2.0; extra == \"testing\"",
            "jaraco.path>=3.2.0; extra == \"testing-integration\"",
            "jaraco.tidelift>=1.4; extra == \"docs\"",
            "pip>=19.1; extra == \"testing\"",
            "pygments-github-lexers==0.0.5; extra == \"docs\"",
            "pytest-black>=0.3.7; platform_python_implementation != \"PyPy\" and extra == \"testing\"",
            "pytest-checkdocs>=2.4; extra == \"testing\"",
            "pytest-cov; platform_python_implementation != \"PyPy\" and extra == \"testing\"",
            "pytest-enabler; extra == \"testing-integration\"",
            "pytest-enabler>=2.2; extra == \"testing\"",
            "pytest-mypy>=0.9.1; platform_python_implementation != \"PyPy\" and extra == \"testing\"",
            "pytest-perf; sys_platform != \"cygwin\" and extra == \"testing\"",
            "pytest-ruff; sys_platform != \"cygwin\" and extra == \"testing\"",
            "pytest-timeout; extra == \"testing\"",
            "pytest-xdist; extra == \"testing\"",
            "pytest-xdist; extra == \"testing-integration\"",
            "pytest; extra == \"testing-integration\"",
            "pytest>=6; extra == \"testing\"",
            "rst.linker>=1.9; extra == \"docs\"",
            "sphinx-favicon; extra == \"docs\"",
            "sphinx-hoverxref<2; extra == \"docs\"",
            "sphinx-inline-tabs; extra == \"docs\"",
            "sphinx-lint; extra == \"docs\"",
            "sphinx-notfound-page==0.8.3; extra == \"docs\"",
            "sphinx-reredirects; extra == \"docs\"",
            "sphinx<=7.1.2,>=3.5; extra == \"docs\"",
            "sphinxcontrib-towncrier; extra == \"docs\"",
            "tomli-w>=1.0.0; extra == \"testing\"",
            "tomli; extra == \"testing-integration\"",
            "virtualenv>=13.0.0; extra == \"testing\"",
            "virtualenv>=13.0.0; extra == \"testing-integration\"",
            "wheel; extra == \"testing\"",
            "wheel; extra == \"testing-integration\""
          ],
          "requires_python": ">=3.8",
          "version": "68.1.2"
        },
        {
          "artifacts": [
            {
              "algorithm": "sha256",
              "hash": "8abb2f1d86890a2dfb989f9a77cfcfd3e47c2a354b01111771326f8aa26e0254",
              "url": "https://files.pythonhosted.org/packages/d9/5a/e7c31adbe875f2abbb91bd84cf2dc52d792b5a01506781dbcf25c91daf11/six-1.16.0-py2.py3-none-any.whl"
            },
            {
              "algorithm": "sha256",
              "hash": "1e61c37477a1626458e36f7b1d82aa5c9b094fa4802892072e49de9c60c4c926",
              "url": "https://files.pythonhosted.org/packages/71/39/171f1c67cd00715f190ba0b100d606d440a28c93c7714febeca8b79af85e/six-1.16.0.tar.gz"
            }
          ],
          "project_name": "six",
          "requires_dists": [],
          "requires_python": "!=3.0.*,!=3.1.*,!=3.2.*,>=2.7",
          "version": "1.16.0"
        },
        {
          "artifacts": [
            {
              "algorithm": "sha256",
              "hash": "3667f9745d99280836ad673022362c840f60ed8fefd5a3e30bf071f5a8fd0017",
              "url": "https://files.pythonhosted.org/packages/bc/a2/ff5f4c299eb37c95299a76015da3f30211468e29d8d6f1d011683279baee/tensorboard-2.14.0-py3-none-any.whl"
            }
          ],
          "project_name": "tensorboard",
          "requires_dists": [
            "absl-py>=0.4",
            "google-auth-oauthlib<1.1,>=0.5",
            "google-auth<3,>=1.6.3",
            "grpcio>=1.48.2",
            "markdown>=2.6.8",
            "numpy>=1.12.0",
            "protobuf>=3.19.6",
            "requests<3,>=2.21.0",
            "setuptools>=41.0.0",
            "tensorboard-data-server<0.8.0,>=0.7.0",
            "werkzeug>=1.0.1",
            "wheel>=0.26"
          ],
          "requires_python": ">=3.8",
          "version": "2.14.0"
        },
        {
          "artifacts": [
            {
              "algorithm": "sha256",
              "hash": "255c02b7f5b03dd5c0a88c928e563441ff39e1d4b4a234cdbe09f016e53d9594",
              "url": "https://files.pythonhosted.org/packages/02/52/fb9e51fba47951aabd7a6b25e41d73eae94208ccf62d886168096941a781/tensorboard_data_server-0.7.1-py3-none-manylinux2014_x86_64.whl"
            },
            {
              "algorithm": "sha256",
              "hash": "be8d016a1aa394e6198280d4a3dc37898f56467310c5f5e617cac10a783e055a",
              "url": "https://files.pythonhosted.org/packages/37/52/da3f777c56fdcf3a484493ce58403c1af709709cd05dab9894980fc8d962/tensorboard_data_server-0.7.1-py3-none-macosx_10_9_x86_64.whl"
            },
            {
              "algorithm": "sha256",
              "hash": "9938bd39f5041797b33921066fba0eab03a0dd10d1887a05e62ae58841ad4c3f",
              "url": "https://files.pythonhosted.org/packages/da/61/6e9ff8258422d287eec718872fb71e05324356722ab658c8afda25f51539/tensorboard_data_server-0.7.1-py3-none-any.whl"
            }
          ],
          "project_name": "tensorboard-data-server",
          "requires_dists": [],
          "requires_python": ">=3.7",
          "version": "0.7.1"
        },
        {
          "artifacts": [
            {
              "algorithm": "sha256",
              "hash": "5ed69d5af232c5c3287d44cef998880dadcc9721cd020e9ae02f42e56b79c2e4",
              "url": "https://files.pythonhosted.org/packages/7c/05/98e23a1b739c2286c9bdcd1160b3446b64560130fc8f766f55ec5ca05392/torch-1.12.0-cp39-none-macosx_11_0_arm64.whl"
            },
            {
              "algorithm": "sha256",
              "hash": "c0313438bc36448ffd209f5fb4e5f325b3af158cdf61c8829b8ddaf128c57816",
              "url": "https://files.pythonhosted.org/packages/28/26/e265afe2ba66ff95849783261ae213c66556573d8bffd9802ae44eeda9e7/torch-1.12.0-cp39-none-macosx_10_9_x86_64.whl"
            },
            {
              "algorithm": "sha256",
              "hash": "844f1db41173b53fe40c44b3e04fcca23a6ce00ac328b7099f2800e611766845",
              "url": "https://files.pythonhosted.org/packages/8f/27/addb0019d7aa3704576ca9c055f7566a3db31f95110e55b31173b87aec4a/torch-1.12.0-cp39-cp39-manylinux1_x86_64.whl"
            },
            {
              "algorithm": "sha256",
              "hash": "63341f96840a223f277e498d2737b39da30d9f57c7a1ef88857b920096317739",
              "url": "https://files.pythonhosted.org/packages/a9/fc/b23d2805c9dad3f6a16d9caf125d28078fb6b5c2f7e6394c3381c116a8ca/torch-1.12.0-cp39-cp39-manylinux2014_aarch64.whl"
            }
          ],
          "project_name": "torch",
          "requires_dists": [
            "typing-extensions"
          ],
          "requires_python": ">=3.7.0",
          "version": "1.12.0"
        },
        {
          "artifacts": [
            {
              "algorithm": "sha256",
              "hash": "440d5dd3af93b060174bf433bccd69b0babc3b15b1a8dca43789fd7f61514b36",
              "url": "https://files.pythonhosted.org/packages/ec/6b/63cc3df74987c36fe26157ee12e09e8f9db4de771e0f3404263117e75b95/typing_extensions-4.7.1-py3-none-any.whl"
            },
            {
              "algorithm": "sha256",
              "hash": "b75ddc264f0ba5615db7ba217daeb99701ad295353c45f9e95963337ceeeffb2",
              "url": "https://files.pythonhosted.org/packages/3c/8b/0111dd7d6c1478bf83baa1cab85c686426c7a6274119aceb2bd9d35395ad/typing_extensions-4.7.1.tar.gz"
            }
          ],
          "project_name": "typing-extensions",
          "requires_dists": [],
          "requires_python": ">=3.7",
          "version": "4.7.1"
        },
        {
          "artifacts": [
            {
              "algorithm": "sha256",
              "hash": "8d36afa7616d8ab714608411b4a3b13e58f463aee519024578e062e141dce20f",
              "url": "https://files.pythonhosted.org/packages/c5/05/c214b32d21c0b465506f95c4f28ccbcba15022e000b043b72b3df7728471/urllib3-1.26.16-py2.py3-none-any.whl"
            },
            {
              "algorithm": "sha256",
              "hash": "8f135f6502756bde6b2a9b28989df5fbe87c9970cecaa69041edcce7f0589b14",
              "url": "https://files.pythonhosted.org/packages/e2/7d/539e6f0cf9f0b95b71dd701a56dae89f768cd39fd8ce0096af3546aeb5a3/urllib3-1.26.16.tar.gz"
            }
          ],
          "project_name": "urllib3",
          "requires_dists": [
            "PySocks!=1.5.7,<2.0,>=1.5.6; extra == \"socks\"",
            "brotli>=1.0.9; ((os_name != \"nt\" or python_version >= \"3\") and platform_python_implementation == \"CPython\") and extra == \"brotli\"",
            "brotlicffi>=0.8.0; ((os_name != \"nt\" or python_version >= \"3\") and platform_python_implementation != \"CPython\") and extra == \"brotli\"",
            "brotlipy>=0.6.0; (os_name == \"nt\" and python_version < \"3\") and extra == \"brotli\"",
            "certifi; extra == \"secure\"",
            "cryptography>=1.3.4; extra == \"secure\"",
            "idna>=2.0.0; extra == \"secure\"",
            "ipaddress; python_version == \"2.7\" and extra == \"secure\"",
            "pyOpenSSL>=0.14; extra == \"secure\"",
            "urllib3-secure-extra; extra == \"secure\""
          ],
          "requires_python": "!=3.0.*,!=3.1.*,!=3.2.*,!=3.3.*,!=3.4.*,!=3.5.*,>=2.7",
          "version": "1.26.16"
        },
        {
          "artifacts": [
            {
              "algorithm": "sha256",
              "hash": "effc12dba7f3bd72e605ce49807bbe692bd729c3bb122a3b91747a6ae77df528",
              "url": "https://files.pythonhosted.org/packages/9b/59/a7c32e3d8d0e546a206e0552a2c04444544f15c1da4a01df8938d20c6ffc/werkzeug-2.3.7-py3-none-any.whl"
            },
            {
              "algorithm": "sha256",
              "hash": "2b8c0e447b4b9dbcc85dd97b6eeb4dcbaf6c8b6c3be0bd654e25553e0a2157d8",
              "url": "https://files.pythonhosted.org/packages/ef/56/0acc9f560053478a4987fa35c95d904f04b6915f6b5c4d1c14dc8862ba0a/werkzeug-2.3.7.tar.gz"
            }
          ],
          "project_name": "werkzeug",
          "requires_dists": [
            "MarkupSafe>=2.1.1",
            "watchdog>=2.3; extra == \"watchdog\""
          ],
          "requires_python": ">=3.8",
          "version": "2.3.7"
        },
        {
          "artifacts": [
            {
              "algorithm": "sha256",
              "hash": "75909db2664838d015e3d9139004ee16711748a52c8f336b52882266540215d8",
              "url": "https://files.pythonhosted.org/packages/b8/8b/31273bf66016be6ad22bb7345c37ff350276cfd46e389a0c2ac5da9d9073/wheel-0.41.2-py3-none-any.whl"
            },
            {
              "algorithm": "sha256",
              "hash": "0c5ac5ff2afb79ac23ab82bab027a0be7b5dbcf2e54dc50efe4bf507de1f7985",
              "url": "https://files.pythonhosted.org/packages/a4/99/78c4f3bd50619d772168bec6a0f34379b02c19c9cced0ed833ecd021fd0d/wheel-0.41.2.tar.gz"
            }
          ],
          "project_name": "wheel",
          "requires_dists": [
            "pytest>=6.0.0; extra == \"test\"",
            "setuptools>=65; extra == \"test\""
          ],
          "requires_python": ">=3.7",
          "version": "0.41.2"
        },
        {
          "artifacts": [
            {
              "algorithm": "sha256",
              "hash": "679e51dd4403591b2d6838a48de3d283f3d188412a9782faadf845f298736ba0",
              "url": "https://files.pythonhosted.org/packages/8c/08/d3006317aefe25ea79d3b76c9650afabaf6d63d1c8443b236e7405447503/zipp-3.16.2-py3-none-any.whl"
            },
            {
              "algorithm": "sha256",
              "hash": "ebc15946aa78bd63458992fc81ec3b6f7b1e92d51c35e6de1c3804e73b799147",
              "url": "https://files.pythonhosted.org/packages/e2/45/f3b987ad5bf9e08095c1ebe6352238be36f25dd106fde424a160061dce6d/zipp-3.16.2.tar.gz"
            }
          ],
          "project_name": "zipp",
          "requires_dists": [
            "big-O; extra == \"testing\"",
            "furo; extra == \"docs\"",
            "jaraco.functools; extra == \"testing\"",
            "jaraco.itertools; extra == \"testing\"",
            "jaraco.packaging>=9.3; extra == \"docs\"",
            "jaraco.tidelift>=1.4; extra == \"docs\"",
            "more-itertools; extra == \"testing\"",
            "pytest-black>=0.3.7; platform_python_implementation != \"PyPy\" and extra == \"testing\"",
            "pytest-checkdocs>=2.4; extra == \"testing\"",
            "pytest-cov; extra == \"testing\"",
            "pytest-enabler>=2.2; extra == \"testing\"",
            "pytest-ignore-flaky; extra == \"testing\"",
            "pytest-mypy>=0.9.1; platform_python_implementation != \"PyPy\" and extra == \"testing\"",
            "pytest-ruff; extra == \"testing\"",
            "pytest>=6; extra == \"testing\"",
            "rst.linker>=1.9; extra == \"docs\"",
            "sphinx-lint; extra == \"docs\"",
            "sphinx>=3.5; extra == \"docs\""
          ],
          "requires_python": ">=3.8",
          "version": "3.16.2"
        }
      ],
      "platform_tag": null
    }
  ],
  "path_mappings": {},
  "pex_version": "2.1.137",
  "pip_version": "23.0.1",
  "prefer_older_binary": false,
  "requirements": [
    "tensorboard>=2.8",
    "torch!=1.12.0+cpu,!=1.12.0+cu116,==1.12.0"
  ],
  "requires_python": [
    "<3.10,>=3.9.*"
  ],
  "resolver_version": "pip-2020-resolver",
  "style": "universal",
  "target_systems": [
    "linux",
    "mac"
  ],
  "transitive": true,
  "use_pep517": null
}
