// This lockfile was autogenerated by Pants. To regenerate, run:
//
//    pants generate-lockfiles --resolve=base
//
// --- BEGIN PANTS LOCKFILE METADATA: DO NOT EDIT OR REMOVE ---
// {
//   "version": 3,
//   "valid_for_interpreter_constraints": [
//     "CPython==3.9.*"
//   ],
//   "generated_with_requirements": [
//     "sentry-sdk==1.22.2"
//   ],
//   "manylinux": "manylinux2014",
//   "requirement_constraints": [],
//   "only_binary": [],
//   "no_binary": []
// }
// --- END PANTS LOCKFILE METADATA ---

{
  "allow_builds": true,
  "allow_prereleases": false,
  "allow_wheels": true,
  "build_isolation": true,
  "constraints": [],
  "locked_resolves": [
    {
      "locked_requirements": [
        {
          "artifacts": [
            {
              "algorithm": "sha256",
              "hash": "c6c2e98f5c7869efca1f8916fed228dd91539f9f1b444c314c06eef02980c716",
              "url": "https://files.pythonhosted.org/packages/9d/19/59961b522e6757f0c9097e4493fa906031b95b3ebe9360b2c3083561a6b4/certifi-2023.5.7-py3-none-any.whl"
            },
            {
              "algorithm": "sha256",
              "hash": "0f0d56dc5a6ad56fd4ba36484d6cc34451e1c6548c61daad8c320169f91eddc7",
              "url": "https://files.pythonhosted.org/packages/93/71/752f7a4dd4c20d6b12341ed1732368546bc0ca9866139fe812f6009d9ac7/certifi-2023.5.7.tar.gz"
            }
          ],
          "project_name": "certifi",
          "requires_dists": [],
          "requires_python": ">=3.6",
          "version": "2023.5.7"
        },
        {
          "artifacts": [
            {
              "algorithm": "sha256",
              "hash": "cf89a5063ef84278d186aceaed6fb595bfe67d099298e537634a323664265669",
              "url": "https://files.pythonhosted.org/packages/e5/92/4cd320ded8ef886321949493be9200712d9724f83354e32a51752e95c469/sentry_sdk-1.22.2-py2.py3-none-any.whl"
            },
            {
              "algorithm": "sha256",
              "hash": "5932c092c6e6035584eb74d77064e4bce3b7935dfc4a331349719a40db265840",
              "url": "https://files.pythonhosted.org/packages/55/27/4331d27f2d0db3ec8bb12ae26a3cea5955bf684b5c52a9f62f0477f0d44d/sentry-sdk-1.22.2.tar.gz"
            }
          ],
          "project_name": "sentry-sdk",
          "requires_dists": [
            "aiohttp>=3.5; extra == \"aiohttp\"",
            "apache-beam>=2.12; extra == \"beam\"",
            "arq>=0.23; extra == \"arq\"",
            "asttokens; extra == \"pure_eval\"",
            "blinker>=1.1; extra == \"flask\"",
            "blinker>=1.1; extra == \"quart\"",
            "bottle>=0.12.13; extra == \"bottle\"",
            "celery>=3; extra == \"celery\"",
            "certifi",
            "chalice>=1.16.0; extra == \"chalice\"",
            "django>=1.8; extra == \"django\"",
            "executing; extra == \"pure_eval\"",
            "falcon>=1.4; extra == \"falcon\"",
            "fastapi>=0.79.0; extra == \"fastapi\"",
            "flask>=0.11; extra == \"flask\"",
            "grpcio>=1.21.1; extra == \"grpcio\"",
            "httpx>=0.16.0; extra == \"httpx\"",
            "huey>=2; extra == \"huey\"",
            "opentelemetry-distro>=0.35b0; extra == \"opentelemetry\"",
            "pure-eval; extra == \"pure_eval\"",
            "pymongo>=3.1; extra == \"pymongo\"",
            "pyspark>=2.4.4; extra == \"pyspark\"",
            "quart>=0.16.1; extra == \"quart\"",
            "rq>=0.6; extra == \"rq\"",
            "sanic>=0.8; extra == \"sanic\"",
            "sqlalchemy>=1.2; extra == \"sqlalchemy\"",
            "starlette>=0.19.1; extra == \"starlette\"",
            "starlite>=1.48; extra == \"starlite\"",
            "tornado>=5; extra == \"tornado\"",
            "urllib3<2.0.0",
            "urllib3>=1.25.7; python_version <= \"3.4\"",
            "urllib3>=1.26.11; python_version >= \"3.6\"",
            "urllib3>=1.26.9; python_version == \"3.5\""
          ],
          "requires_python": null,
          "version": "1.22.2"
        },
        {
          "artifacts": [
            {
              "algorithm": "sha256",
              "hash": "d055c2f9d38dc53c808f6fdc8eab7360b6fdbbde02340ed25cfbcd817c62469e",
              "url": "https://files.pythonhosted.org/packages/4b/1d/f8383ef593114755429c307449e7717b87044b3bcd5f7860b89b1f759e34/urllib3-2.0.2-py3-none-any.whl"
            },
            {
              "algorithm": "sha256",
              "hash": "61717a1095d7e155cdb737ac7bb2f4324a858a1e2e6466f6d03ff630ca68d3cc",
              "url": "https://files.pythonhosted.org/packages/fb/c0/1abba1a1233b81cf2e36f56e05194f5e8a0cec8c03c244cab56cc9dfb5bd/urllib3-2.0.2.tar.gz"
            }
          ],
          "project_name": "urllib3",
          "requires_dists": [
            "brotli>=1.0.9; platform_python_implementation == \"CPython\" and extra == \"brotli\"",
            "brotlicffi>=0.8.0; platform_python_implementation != \"CPython\" and extra == \"brotli\"",
            "certifi; extra == \"secure\"",
            "cryptography>=1.9; extra == \"secure\"",
            "idna>=2.0.0; extra == \"secure\"",
            "pyopenssl>=17.1.0; extra == \"secure\"",
            "pysocks!=1.5.7,<2.0,>=1.5.6; extra == \"socks\"",
            "urllib3-secure-extra; extra == \"secure\"",
            "zstandard>=0.18.0; extra == \"zstd\""
          ],
          "requires_python": ">=3.7",
          "version": "2.0.2"
        }
      ],
      "platform_tag": null
    }
  ],
  "path_mappings": {},
  "pex_version": "2.1.129",
  "pip_version": "20.3.4-patched",
  "prefer_older_binary": false,
  "requirements": [
    "sentry-sdk==1.22.2"
  ],
  "requires_python": [
    "==3.9.*"
  ],
  "resolver_version": "pip-2020-resolver",
  "style": "universal",
  "target_systems": [
    "linux",
    "mac"
  ],
  "transitive": true,
  "use_pep517": null
}
